
Microsoft Visual Studio Solution File, Format Version 12.00
# Visual Studio Version 16
VisualStudioVersion = 16.0.30611.23
MinimumVisualStudioVersion = 10.0.40219.1
Project("{FAE04EC0-301F-11D3-BF4B-00C04F79EFBC}") = "mvchomework", "mvchomework\mvchomework.csproj", "{3823E589-3420-4581-B5E1-31F16BC30CA9}"
EndProject
Global
	GlobalSection(SolutionConfigurationPlatforms) = preSolution
		Debug|Any CPU = Debug|Any CPU
		Release|Any CPU = Release|Any CPU
	EndGlobalSection
	GlobalSection(ProjectConfigurationPlatforms) = postSolution
		{3823E589-3420-4581-B5E1-31F16BC30CA9}.Debug|Any CPU.ActiveCfg = Debug|Any CPU
		{3823E589-3420-4581-B5E1-31F16BC30CA9}.Debug|Any CPU.Build.0 = Debug|Any CPU
		{3823E589-3420-4581-B5E1-31F16BC30CA9}.Release|Any CPU.ActiveCfg = Release|Any CPU
		{3823E589-3420-4581-B5E1-31F16BC30CA9}.Release|Any CPU.Build.0 = Release|Any CPU
	EndGlobalSection
	GlobalSection(SolutionProperties) = preSolution
		HideSolutionNode = FALSE
	EndGlobalSection
	GlobalSection(ExtensibilityGlobals) = postSolution
		SolutionGuid = {18964CDB-ADE7-46EE-B50A-DF9D7CD377FC}
	EndGlobalSection
EndGlobal
